
Microsoft Visual Studio Solution File, Format Version 12.00
# Visual Studio 14
VisualStudioVersion = 14.0.25420.1
MinimumVisualStudioVersion = 10.0.40219.1
Project("{E24C65DC-7377-472B-9ABA-BC803B73C61A}") = "MaryHelp", ".", "{F4B04053-F840-4776-87CB-57A9D2D6A97E}"
	ProjectSection(WebsiteProperties) = preProject
		TargetFrameworkMoniker = ".NETFramework,Version%3Dv4.5.2"
		ProjectReferences = "{2f70e783-fb63-4675-b7b9-448229652046}|Business.dll;{4D4E7CDF-BB5E-406B-B8C1-DAC51B616FE0}|Data.dll;{97187408-C945-4183-A6F3-750A90FA4140}|Util.dll;"
		Debug.AspNetCompiler.VirtualPath = "/localhost_60035"
		Debug.AspNetCompiler.PhysicalPath = "..\MaryHelp\"
		Debug.AspNetCompiler.TargetPath = "PrecompiledWeb\localhost_60035\"
		Debug.AspNetCompiler.Updateable = "true"
		Debug.AspNetCompiler.ForceOverwrite = "true"
		Debug.AspNetCompiler.FixedNames = "false"
		Debug.AspNetCompiler.Debug = "True"
		Release.AspNetCompiler.VirtualPath = "/localhost_60035"
		Release.AspNetCompiler.PhysicalPath = "..\MaryHelp\"
		Release.AspNetCompiler.TargetPath = "PrecompiledWeb\localhost_60035\"
		Release.AspNetCompiler.Updateable = "true"
		Release.AspNetCompiler.ForceOverwrite = "true"
		Release.AspNetCompiler.FixedNames = "false"
		Release.AspNetCompiler.Debug = "False"
		VWDPort = "60035"
		SlnRelativePath = "..\MaryHelp\"
		DefaultWebSiteLanguage = "Visual C#"
	EndProjectSection
EndProject
Project("{FAE04EC0-301F-11D3-BF4B-00C04F79EFBC}") = "Business", "Business\Business.csproj", "{2F70E783-FB63-4675-B7B9-448229652046}"
EndProject
Project("{FAE04EC0-301F-11D3-BF4B-00C04F79EFBC}") = "Data", "Data\Data.csproj", "{4D4E7CDF-BB5E-406B-B8C1-DAC51B616FE0}"
EndProject
Project("{FAE04EC0-301F-11D3-BF4B-00C04F79EFBC}") = "Util", "Util\Util.csproj", "{97187408-C945-4183-A6F3-750A90FA4140}"
EndProject
Global
	GlobalSection(SolutionConfigurationPlatforms) = preSolution
		Debug|Any CPU = Debug|Any CPU
		Release|Any CPU = Release|Any CPU
	EndGlobalSection
	GlobalSection(ProjectConfigurationPlatforms) = postSolution
		{F4B04053-F840-4776-87CB-57A9D2D6A97E}.Debug|Any CPU.ActiveCfg = Debug|Any CPU
		{F4B04053-F840-4776-87CB-57A9D2D6A97E}.Debug|Any CPU.Build.0 = Debug|Any CPU
		{F4B04053-F840-4776-87CB-57A9D2D6A97E}.Release|Any CPU.ActiveCfg = Debug|Any CPU
		{F4B04053-F840-4776-87CB-57A9D2D6A97E}.Release|Any CPU.Build.0 = Debug|Any CPU
		{2F70E783-FB63-4675-B7B9-448229652046}.Debug|Any CPU.ActiveCfg = Debug|Any CPU
		{2F70E783-FB63-4675-B7B9-448229652046}.Debug|Any CPU.Build.0 = Debug|Any CPU
		{2F70E783-FB63-4675-B7B9-448229652046}.Release|Any CPU.ActiveCfg = Release|Any CPU
		{2F70E783-FB63-4675-B7B9-448229652046}.Release|Any CPU.Build.0 = Release|Any CPU
		{4D4E7CDF-BB5E-406B-B8C1-DAC51B616FE0}.Debug|Any CPU.ActiveCfg = Debug|Any CPU
		{4D4E7CDF-BB5E-406B-B8C1-DAC51B616FE0}.Debug|Any CPU.Build.0 = Debug|Any CPU
		{4D4E7CDF-BB5E-406B-B8C1-DAC51B616FE0}.Release|Any CPU.ActiveCfg = Release|Any CPU
		{4D4E7CDF-BB5E-406B-B8C1-DAC51B616FE0}.Release|Any CPU.Build.0 = Release|Any CPU
		{97187408-C945-4183-A6F3-750A90FA4140}.Debug|Any CPU.ActiveCfg = Debug|Any CPU
		{97187408-C945-4183-A6F3-750A90FA4140}.Debug|Any CPU.Build.0 = Debug|Any CPU
		{97187408-C945-4183-A6F3-750A90FA4140}.Release|Any CPU.ActiveCfg = Release|Any CPU
		{97187408-C945-4183-A6F3-750A90FA4140}.Release|Any CPU.Build.0 = Release|Any CPU
	EndGlobalSection
	GlobalSection(SolutionProperties) = preSolution
		HideSolutionNode = FALSE
	EndGlobalSection
EndGlobal
